
Microsoft Visual Studio Solution File, Format Version 12.00
# Visual Studio Version 16
VisualStudioVersion = 16.0.29503.13
MinimumVisualStudioVersion = 10.0.40219.1
Project("{FAE04EC0-301F-11D3-BF4B-00C04F79EFBC}") = "AVS5", "AVS5\AVS5.csproj", "{19EB3A99-9225-40BE-A681-66992816149A}"
EndProject
Project("{FAE04EC0-301F-11D3-BF4B-00C04F79EFBC}") = "AVS5.Data", "AVS5.Data\AVS5.Data.csproj", "{FEBE16BB-0B45-4C80-8756-A2AA986CF124}"
EndProject
Project("{FAE04EC0-301F-11D3-BF4B-00C04F79EFBC}") = "AVS5.Core", "AVS5.Core\AVS5.Core.csproj", "{D2A67CE7-ED32-4C69-B749-2571948F3CD8}"
EndProject
Project("{FAE04EC0-301F-11D3-BF4B-00C04F79EFBC}") = "AVS5.Test", "AVS5.Test\AVS5.Test.csproj", "{DC74DAB2-849C-4C3C-877B-C8CD38B11580}"
EndProject
Project("{FAE04EC0-301F-11D3-BF4B-00C04F79EFBC}") = "AVS5.Configuration", "AVS5.Configuration\AVS5.Configuration.csproj", "{2FC66A73-69A1-43FA-9D33-88F81440D899}"
EndProject
Project("{FAE04EC0-301F-11D3-BF4B-00C04F79EFBC}") = "AVS5.Input", "AVS5.Input\AVS5.Input.csproj", "{9759C469-ABDC-4E20-BF88-8D9DEE8EEADC}"
EndProject
Global
	GlobalSection(SolutionConfigurationPlatforms) = preSolution
		Debug|Any CPU = Debug|Any CPU
		Release|Any CPU = Release|Any CPU
	EndGlobalSection
	GlobalSection(ProjectConfigurationPlatforms) = postSolution
		{19EB3A99-9225-40BE-A681-66992816149A}.Debug|Any CPU.ActiveCfg = Debug|Any CPU
		{19EB3A99-9225-40BE-A681-66992816149A}.Debug|Any CPU.Build.0 = Debug|Any CPU
		{19EB3A99-9225-40BE-A681-66992816149A}.Release|Any CPU.ActiveCfg = Release|Any CPU
		{19EB3A99-9225-40BE-A681-66992816149A}.Release|Any CPU.Build.0 = Release|Any CPU
		{FEBE16BB-0B45-4C80-8756-A2AA986CF124}.Debug|Any CPU.ActiveCfg = Debug|Any CPU
		{FEBE16BB-0B45-4C80-8756-A2AA986CF124}.Debug|Any CPU.Build.0 = Debug|Any CPU
		{FEBE16BB-0B45-4C80-8756-A2AA986CF124}.Release|Any CPU.ActiveCfg = Release|Any CPU
		{FEBE16BB-0B45-4C80-8756-A2AA986CF124}.Release|Any CPU.Build.0 = Release|Any CPU
		{D2A67CE7-ED32-4C69-B749-2571948F3CD8}.Debug|Any CPU.ActiveCfg = Debug|Any CPU
		{D2A67CE7-ED32-4C69-B749-2571948F3CD8}.Debug|Any CPU.Build.0 = Debug|Any CPU
		{D2A67CE7-ED32-4C69-B749-2571948F3CD8}.Release|Any CPU.ActiveCfg = Release|Any CPU
		{D2A67CE7-ED32-4C69-B749-2571948F3CD8}.Release|Any CPU.Build.0 = Release|Any CPU
		{DC74DAB2-849C-4C3C-877B-C8CD38B11580}.Debug|Any CPU.ActiveCfg = Debug|Any CPU
		{DC74DAB2-849C-4C3C-877B-C8CD38B11580}.Debug|Any CPU.Build.0 = Debug|Any CPU
		{DC74DAB2-849C-4C3C-877B-C8CD38B11580}.Release|Any CPU.ActiveCfg = Release|Any CPU
		{DC74DAB2-849C-4C3C-877B-C8CD38B11580}.Release|Any CPU.Build.0 = Release|Any CPU
		{2FC66A73-69A1-43FA-9D33-88F81440D899}.Debug|Any CPU.ActiveCfg = Debug|Any CPU
		{2FC66A73-69A1-43FA-9D33-88F81440D899}.Debug|Any CPU.Build.0 = Debug|Any CPU
		{2FC66A73-69A1-43FA-9D33-88F81440D899}.Release|Any CPU.ActiveCfg = Release|Any CPU
		{2FC66A73-69A1-43FA-9D33-88F81440D899}.Release|Any CPU.Build.0 = Release|Any CPU
		{9759C469-ABDC-4E20-BF88-8D9DEE8EEADC}.Debug|Any CPU.ActiveCfg = Debug|Any CPU
		{9759C469-ABDC-4E20-BF88-8D9DEE8EEADC}.Debug|Any CPU.Build.0 = Debug|Any CPU
		{9759C469-ABDC-4E20-BF88-8D9DEE8EEADC}.Release|Any CPU.ActiveCfg = Release|Any CPU
		{9759C469-ABDC-4E20-BF88-8D9DEE8EEADC}.Release|Any CPU.Build.0 = Release|Any CPU
	EndGlobalSection
	GlobalSection(SolutionProperties) = preSolution
		HideSolutionNode = FALSE
	EndGlobalSection
	GlobalSection(ExtensibilityGlobals) = postSolution
		SolutionGuid = {FA355E4F-FC0F-4308-A2A5-394C687CADA7}
	EndGlobalSection
EndGlobal
